
Microsoft Visual Studio Solution File, Format Version 12.00
# Visual Studio Version 16
VisualStudioVersion = 16.0.31019.35
MinimumVisualStudioVersion = 10.0.40219.1
Project("{FAE04EC0-301F-11D3-BF4B-00C04F79EFBC}") = "LighthouseV2PowerControl", "LighthouseV2PowerControl\LighthouseV2PowerControl.csproj", "{2CEE8BD4-AF72-4FEF-AE85-25FEC4A0A516}"
EndProject
Global
	GlobalSection(SolutionConfigurationPlatforms) = preSolution
		Debug|Any CPU = Debug|Any CPU
		Release|Any CPU = Release|Any CPU
	EndGlobalSection
	GlobalSection(ProjectConfigurationPlatforms) = postSolution
		{2CEE8BD4-AF72-4FEF-AE85-25FEC4A0A516}.Debug|Any CPU.ActiveCfg = Debug|Any CPU
		{2CEE8BD4-AF72-4FEF-AE85-25FEC4A0A516}.Debug|Any CPU.Build.0 = Debug|Any CPU
		{2CEE8BD4-AF72-4FEF-AE85-25FEC4A0A516}.Release|Any CPU.ActiveCfg = Release|Any CPU
		{2CEE8BD4-AF72-4FEF-AE85-25FEC4A0A516}.Release|Any CPU.Build.0 = Release|Any CPU
	EndGlobalSection
	GlobalSection(SolutionProperties) = preSolution
		HideSolutionNode = FALSE
	EndGlobalSection
	GlobalSection(ExtensibilityGlobals) = postSolution
		SolutionGuid = {E9CDBD90-70AD-4A22-B2DF-042786A46F6E}
	EndGlobalSection
EndGlobal
