
Microsoft Visual Studio Solution File, Format Version 12.00
# Visual Studio Version 16
VisualStudioVersion = 16.0.30523.141
MinimumVisualStudioVersion = 10.0.40219.1
Project("{FAE04EC0-301F-11D3-BF4B-00C04F79EFBC}") = "LighthouseV2PowerControl", "LighthouseV2PowerControl\LighthouseV2PowerControl.csproj", "{34E0F0F2-5475-4464-B7FB-213675891FB4}"
EndProject
Global
	GlobalSection(SolutionConfigurationPlatforms) = preSolution
		Debug|Any CPU = Debug|Any CPU
		Release|Any CPU = Release|Any CPU
	EndGlobalSection
	GlobalSection(ProjectConfigurationPlatforms) = postSolution
		{34E0F0F2-5475-4464-B7FB-213675891FB4}.Debug|Any CPU.ActiveCfg = Debug|Any CPU
		{34E0F0F2-5475-4464-B7FB-213675891FB4}.Debug|Any CPU.Build.0 = Debug|Any CPU
		{34E0F0F2-5475-4464-B7FB-213675891FB4}.Release|Any CPU.ActiveCfg = Release|Any CPU
		{34E0F0F2-5475-4464-B7FB-213675891FB4}.Release|Any CPU.Build.0 = Release|Any CPU
	EndGlobalSection
	GlobalSection(SolutionProperties) = preSolution
		HideSolutionNode = FALSE
	EndGlobalSection
	GlobalSection(ExtensibilityGlobals) = postSolution
		SolutionGuid = {E20B20E0-B2A4-4291-A25B-86767F7E5E0A}
	EndGlobalSection
EndGlobal
